PODS:
  - Capacitor (5.2.2):
    - CapacitorCordova
  - CapacitorApp (5.0.6):
    - Capacitor
  - CapacitorBrowser (5.2.0):
    - Capacitor
  - CapacitorCordova (5.2.2)
  - CapacitorHaptics (5.0.6):
    - Capacitor
  - CapacitorKeyboard (5.0.6):
    - Capacitor
  - CapacitorNetwork (5.0.6):
    - Capacitor
  - CapacitorSplashScreen (5.0.7):
    - Capacitor
  - CapacitorStatusBar (5.0.6):
    - Capacitor
  - CapacitorTextZoom (5.0.7):
    - Capacitor
  - CordovaPlugins (6.1.0):
    - CapacitorCordova

DEPENDENCIES:
  - "Capacitor (from `../../node_modules/@capacitor/ios`)"
  - "CapacitorApp (from `../../node_modules/@capacitor/app`)"
  - "CapacitorBrowser (from `../../node_modules/@capacitor/browser`)"
  - "CapacitorCordova (from `../../node_modules/@capacitor/ios`)"
  - "CapacitorHaptics (from `../../node_modules/@capacitor/haptics`)"
  - "CapacitorKeyboard (from `../../node_modules/@capacitor/keyboard`)"
  - "CapacitorNetwork (from `../../node_modules/@capacitor/network`)"
  - "CapacitorSplashScreen (from `../../node_modules/@capacitor/splash-screen`)"
  - "CapacitorStatusBar (from `../../node_modules/@capacitor/status-bar`)"
  - "CapacitorTextZoom (from `../../node_modules/@capacitor/text-zoom`)"
  - CordovaPlugins (from `../capacitor-cordova-ios-plugins`)

EXTERNAL SOURCES:
  Capacitor:
    :path: "../../node_modules/@capacitor/ios"
  CapacitorApp:
    :path: "../../node_modules/@capacitor/app"
  CapacitorBrowser:
    :path: "../../node_modules/@capacitor/browser"
  CapacitorCordova:
    :path: "../../node_modules/@capacitor/ios"
  CapacitorHaptics:
    :path: "../../node_modules/@capacitor/haptics"
  CapacitorKeyboard:
    :path: "../../node_modules/@capacitor/keyboard"
  CapacitorNetwork:
    :path: "../../node_modules/@capacitor/network"
  CapacitorSplashScreen:
    :path: "../../node_modules/@capacitor/splash-screen"
  CapacitorStatusBar:
    :path: "../../node_modules/@capacitor/status-bar"
  CapacitorTextZoom:
    :path: "../../node_modules/@capacitor/text-zoom"
  CordovaPlugins:
    :path: "../capacitor-cordova-ios-plugins"

SPEC CHECKSUMS:
  Capacitor: 070b18988e0f566728ae9a5eb3a7a974595f1626
  CapacitorApp: 024e1b1bea5f883d79f6330d309bc441c88ad04a
  CapacitorBrowser: a6deae9e5bf87f62b62a753cff7992c5def9e771
  CapacitorCordova: 3773395d5331add072300ff6041ca2cf7b93cb0b
  CapacitorHaptics: 1fffc1217c7e64a472d7845be50fb0c2f7d4204c
  CapacitorKeyboard: b978154b024a5f65e044908e37d15b7de58b9d12
  CapacitorNetwork: d80b3e79bef6ec37640ee2806c19771f07ff2d0c
  CapacitorSplashScreen: dd3de3f3644710fa2a697cfb91ec262eece4d242
  CapacitorStatusBar: 565c0a1ebd79bb40d797606a8992b4a105885309
  CapacitorTextZoom: 69814a62b1d0f23a899cca06ea9838c38de187ff
  CordovaPlugins: 31c264a975c3efb8184a71f9648d5b6c9ed0eff1

PODFILE CHECKSUM: 8a1c1110cc0ed50fdfffaa2432e4540423dcf3a8

COCOAPODS: 1.15.2
